
Microsoft Visual Studio Solution File, Format Version 12.00
# Visual Studio 15
VisualStudioVersion = 15.0.27130.2020
MinimumVisualStudioVersion = 10.0.40219.1
Project("{FAE04EC0-301F-11D3-BF4B-00C04F79EFBC}") = "AspNetHelloWorld", "AspNetHelloWorld\AspNetHelloWorld.csproj", "{AE360E31-672F-44F2-9860-A93CF4F3223F}"
EndProject
Global
	GlobalSection(SolutionConfigurationPlatforms) = preSolution
		Debug|Any CPU = Debug|Any CPU
		Release|Any CPU = Release|Any CPU
	EndGlobalSection
	GlobalSection(ProjectConfigurationPlatforms) = postSolution
		{AE360E31-672F-44F2-9860-A93CF4F3223F}.Debug|Any CPU.ActiveCfg = Debug|Any CPU
		{AE360E31-672F-44F2-9860-A93CF4F3223F}.Debug|Any CPU.Build.0 = Debug|Any CPU
		{AE360E31-672F-44F2-9860-A93CF4F3223F}.Release|Any CPU.ActiveCfg = Release|Any CPU
		{AE360E31-672F-44F2-9860-A93CF4F3223F}.Release|Any CPU.Build.0 = Release|Any CPU
	EndGlobalSection
	GlobalSection(SolutionProperties) = preSolution
		HideSolutionNode = FALSE
	EndGlobalSection
	GlobalSection(ExtensibilityGlobals) = postSolution
		SolutionGuid = {BD6BD966-E193-4631-8D58-413BC5EF5CBF}
	EndGlobalSection
EndGlobal
